
Microsoft Visual Studio Solution File, Format Version 12.00
# Visual Studio Version 16
VisualStudioVersion = 16.0.31515.178
MinimumVisualStudioVersion = 10.0.40219.1
Project("{FAE04EC0-301F-11D3-BF4B-00C04F79EFBC}") = "GrpcClient", "GrpcClient\GrpcClient.csproj", "{E814A9B3-6FD6-4D2F-8EC3-5FD8C37E48FF}"
EndProject
Global
	GlobalSection(SolutionConfigurationPlatforms) = preSolution
		Debug|Any CPU = Debug|Any CPU
		Release|Any CPU = Release|Any CPU
	EndGlobalSection
	GlobalSection(ProjectConfigurationPlatforms) = postSolution
		{E814A9B3-6FD6-4D2F-8EC3-5FD8C37E48FF}.Debug|Any CPU.ActiveCfg = Debug|Any CPU
		{E814A9B3-6FD6-4D2F-8EC3-5FD8C37E48FF}.Debug|Any CPU.Build.0 = Debug|Any CPU
		{E814A9B3-6FD6-4D2F-8EC3-5FD8C37E48FF}.Release|Any CPU.ActiveCfg = Release|Any CPU
		{E814A9B3-6FD6-4D2F-8EC3-5FD8C37E48FF}.Release|Any CPU.Build.0 = Release|Any CPU
	EndGlobalSection
	GlobalSection(SolutionProperties) = preSolution
		HideSolutionNode = FALSE
	EndGlobalSection
	GlobalSection(ExtensibilityGlobals) = postSolution
		SolutionGuid = {A4A044D6-53CA-452D-8D50-3303460F93CE}
	EndGlobalSection
EndGlobal
